
Microsoft Visual Studio Solution File, Format Version 12.00
# Visual Studio Version 17
VisualStudioVersion = 17.7.34024.191
MinimumVisualStudioVersion = 10.0.40219.1
Project("{FAE04EC0-301F-11D3-BF4B-00C04F79EFBC}") = "MyProject1", "MyProject1.csproj", "{B12D9424-E2BA-484F-996F-2E0780619A99}"
EndProject
Global
	GlobalSection(SolutionConfigurationPlatforms) = preSolution
		Debug|Any CPU = Debug|Any CPU
		Release|Any CPU = Release|Any CPU
	EndGlobalSection
	GlobalSection(ProjectConfigurationPlatforms) = postSolution
		{B12D9424-E2BA-484F-996F-2E0780619A99}.Debug|Any CPU.ActiveCfg = Debug|Any CPU
		{B12D9424-E2BA-484F-996F-2E0780619A99}.Debug|Any CPU.Build.0 = Debug|Any CPU
		{B12D9424-E2BA-484F-996F-2E0780619A99}.Release|Any CPU.ActiveCfg = Release|Any CPU
		{B12D9424-E2BA-484F-996F-2E0780619A99}.Release|Any CPU.Build.0 = Release|Any CPU
	EndGlobalSection
	GlobalSection(SolutionProperties) = preSolution
		HideSolutionNode = FALSE
	EndGlobalSection
	GlobalSection(ExtensibilityGlobals) = postSolution
		SolutionGuid = {6D04CDBC-5844-4FCC-95F3-060D41F9C6C6}
	EndGlobalSection
EndGlobal
